
Microsoft Visual Studio Solution File, Format Version 12.00
# Visual Studio Version 16
VisualStudioVersion = 16.0.31613.86
MinimumVisualStudioVersion = 10.0.40219.1
Project("{FAE04EC0-301F-11D3-BF4B-00C04F79EFBC}") = "TAProject", "TAProject.csproj", "{CF0F4A21-460C-4511-BB04-36B1209C0758}"
EndProject
Project("{FAE04EC0-301F-11D3-BF4B-00C04F79EFBC}") = "DataAccessLayerr", "..\DataAccessLayerr\DataAccessLayerr.csproj", "{54B75DAF-E753-43D6-88AC-796D3E4D56A7}"
EndProject
Project("{FAE04EC0-301F-11D3-BF4B-00C04F79EFBC}") = "Modell", "..\Modell\Modell.csproj", "{8022320A-4B82-4788-9D2D-CBF3CB0BC59D}"
EndProject
Global
	GlobalSection(SolutionConfigurationPlatforms) = preSolution
		Debug|Any CPU = Debug|Any CPU
		Release|Any CPU = Release|Any CPU
	EndGlobalSection
	GlobalSection(ProjectConfigurationPlatforms) = postSolution
		{CF0F4A21-460C-4511-BB04-36B1209C0758}.Debug|Any CPU.ActiveCfg = Debug|Any CPU
		{CF0F4A21-460C-4511-BB04-36B1209C0758}.Debug|Any CPU.Build.0 = Debug|Any CPU
		{CF0F4A21-460C-4511-BB04-36B1209C0758}.Release|Any CPU.ActiveCfg = Release|Any CPU
		{CF0F4A21-460C-4511-BB04-36B1209C0758}.Release|Any CPU.Build.0 = Release|Any CPU
		{54B75DAF-E753-43D6-88AC-796D3E4D56A7}.Debug|Any CPU.ActiveCfg = Debug|Any CPU
		{54B75DAF-E753-43D6-88AC-796D3E4D56A7}.Debug|Any CPU.Build.0 = Debug|Any CPU
		{54B75DAF-E753-43D6-88AC-796D3E4D56A7}.Release|Any CPU.ActiveCfg = Release|Any CPU
		{54B75DAF-E753-43D6-88AC-796D3E4D56A7}.Release|Any CPU.Build.0 = Release|Any CPU
		{8022320A-4B82-4788-9D2D-CBF3CB0BC59D}.Debug|Any CPU.ActiveCfg = Debug|Any CPU
		{8022320A-4B82-4788-9D2D-CBF3CB0BC59D}.Debug|Any CPU.Build.0 = Debug|Any CPU
		{8022320A-4B82-4788-9D2D-CBF3CB0BC59D}.Release|Any CPU.ActiveCfg = Release|Any CPU
		{8022320A-4B82-4788-9D2D-CBF3CB0BC59D}.Release|Any CPU.Build.0 = Release|Any CPU
	EndGlobalSection
	GlobalSection(SolutionProperties) = preSolution
		HideSolutionNode = FALSE
	EndGlobalSection
	GlobalSection(ExtensibilityGlobals) = postSolution
		SolutionGuid = {6A324AA3-16F0-43F8-9D3C-E8D5D9AFE32C}
	EndGlobalSection
EndGlobal
